
Microsoft Visual Studio Solution File, Format Version 12.00
# Visual Studio Version 16
VisualStudioVersion = 16.0.31025.194
MinimumVisualStudioVersion = 10.0.40219.1
Project("{9A19103F-16F7-4668-BE54-9A1E7A4F7556}") = "Lazar_Andreea_Maria_Lab2", "Lazar_Andreea_Maria_Lab2.csproj", "{984C7081-8FC7-404B-BEA1-03417EBE5B7B}"
EndProject
Project("{9A19103F-16F7-4668-BE54-9A1E7A4F7556}") = "LibraryModel", "..\LibraryModel\LibraryModel.csproj", "{3686A15A-9B2C-4186-AFDB-3D43D18C8634}"
EndProject
Project("{9A19103F-16F7-4668-BE54-9A1E7A4F7556}") = "LibraryWebAPI", "..\LibraryWebAPI\LibraryWebAPI.csproj", "{01CA2F6B-FCF8-482B-8261-1415F650F5B0}"
EndProject
Project("{FAE04EC0-301F-11D3-BF4B-00C04F79EFBC}") = "GrpcCustomersService", "..\GrpcCustomersService\GrpcCustomersService.csproj", "{5F9903F4-04D0-43A5-812D-B4BD53B6B918}"
EndProject
Global
	GlobalSection(SolutionConfigurationPlatforms) = preSolution
		Debug|Any CPU = Debug|Any CPU
		Release|Any CPU = Release|Any CPU
	EndGlobalSection
	GlobalSection(ProjectConfigurationPlatforms) = postSolution
		{984C7081-8FC7-404B-BEA1-03417EBE5B7B}.Debug|Any CPU.ActiveCfg = Debug|Any CPU
		{984C7081-8FC7-404B-BEA1-03417EBE5B7B}.Debug|Any CPU.Build.0 = Debug|Any CPU
		{984C7081-8FC7-404B-BEA1-03417EBE5B7B}.Release|Any CPU.ActiveCfg = Release|Any CPU
		{984C7081-8FC7-404B-BEA1-03417EBE5B7B}.Release|Any CPU.Build.0 = Release|Any CPU
		{3686A15A-9B2C-4186-AFDB-3D43D18C8634}.Debug|Any CPU.ActiveCfg = Debug|Any CPU
		{3686A15A-9B2C-4186-AFDB-3D43D18C8634}.Debug|Any CPU.Build.0 = Debug|Any CPU
		{3686A15A-9B2C-4186-AFDB-3D43D18C8634}.Release|Any CPU.ActiveCfg = Release|Any CPU
		{3686A15A-9B2C-4186-AFDB-3D43D18C8634}.Release|Any CPU.Build.0 = Release|Any CPU
		{01CA2F6B-FCF8-482B-8261-1415F650F5B0}.Debug|Any CPU.ActiveCfg = Debug|Any CPU
		{01CA2F6B-FCF8-482B-8261-1415F650F5B0}.Debug|Any CPU.Build.0 = Debug|Any CPU
		{01CA2F6B-FCF8-482B-8261-1415F650F5B0}.Release|Any CPU.ActiveCfg = Release|Any CPU
		{01CA2F6B-FCF8-482B-8261-1415F650F5B0}.Release|Any CPU.Build.0 = Release|Any CPU
		{5F9903F4-04D0-43A5-812D-B4BD53B6B918}.Debug|Any CPU.ActiveCfg = Debug|Any CPU
		{5F9903F4-04D0-43A5-812D-B4BD53B6B918}.Debug|Any CPU.Build.0 = Debug|Any CPU
		{5F9903F4-04D0-43A5-812D-B4BD53B6B918}.Release|Any CPU.ActiveCfg = Release|Any CPU
		{5F9903F4-04D0-43A5-812D-B4BD53B6B918}.Release|Any CPU.Build.0 = Release|Any CPU
	EndGlobalSection
	GlobalSection(SolutionProperties) = preSolution
		HideSolutionNode = FALSE
	EndGlobalSection
	GlobalSection(ExtensibilityGlobals) = postSolution
		SolutionGuid = {A41F34FD-B4BD-44C7-9C00-B7F6312FDDA6}
	EndGlobalSection
EndGlobal
